
Microsoft Visual Studio Solution File, Format Version 12.00
# Visual Studio 15
VisualStudioVersion = 15.0.27703.2035
MinimumVisualStudioVersion = 10.0.40219.1
Project("{FAE04EC0-301F-11D3-BF4B-00C04F79EFBC}") = "Featureban.Domain", "Featureban\Featureban.Domain.csproj", "{C1BEE4CC-B01C-4BB4-BB6E-B1FB0D24572A}"
EndProject
Project("{FAE04EC0-301F-11D3-BF4B-00C04F79EFBC}") = "Featureban.Tests", "Featureban.Tests\Featureban.Tests.csproj", "{CCA63144-D0D5-4276-A7C1-AC07EAADD128}"
EndProject
Global
	GlobalSection(SolutionConfigurationPlatforms) = preSolution
		Debug|Any CPU = Debug|Any CPU
		Release|Any CPU = Release|Any CPU
	EndGlobalSection
	GlobalSection(ProjectConfigurationPlatforms) = postSolution
		{C1BEE4CC-B01C-4BB4-BB6E-B1FB0D24572A}.Debug|Any CPU.ActiveCfg = Debug|Any CPU
		{C1BEE4CC-B01C-4BB4-BB6E-B1FB0D24572A}.Debug|Any CPU.Build.0 = Debug|Any CPU
		{C1BEE4CC-B01C-4BB4-BB6E-B1FB0D24572A}.Release|Any CPU.ActiveCfg = Release|Any CPU
		{C1BEE4CC-B01C-4BB4-BB6E-B1FB0D24572A}.Release|Any CPU.Build.0 = Release|Any CPU
		{CCA63144-D0D5-4276-A7C1-AC07EAADD128}.Debug|Any CPU.ActiveCfg = Debug|Any CPU
		{CCA63144-D0D5-4276-A7C1-AC07EAADD128}.Debug|Any CPU.Build.0 = Debug|Any CPU
		{CCA63144-D0D5-4276-A7C1-AC07EAADD128}.Release|Any CPU.ActiveCfg = Release|Any CPU
		{CCA63144-D0D5-4276-A7C1-AC07EAADD128}.Release|Any CPU.Build.0 = Release|Any CPU
	EndGlobalSection
	GlobalSection(SolutionProperties) = preSolution
		HideSolutionNode = FALSE
	EndGlobalSection
	GlobalSection(ExtensibilityGlobals) = postSolution
		SolutionGuid = {A6709A2D-C909-4DFB-82F6-04A83FFD3EBC}
	EndGlobalSection
EndGlobal
